github.com/chen3feng/atomiccounter v0.0.0-20220905183331-7d00f86e1513 h1:nbZSMJ2VQsTSaiyuvpMMdw2pJrW/CFxHXhd3n/c0ACc=
github.com/chen3feng/atomiccounter v0.0.0-20220905183331-7d00f86e1513/go.mod h1:ZCXVAJwp5ElMYpEGeExRpFBGdxLrf9hwBZusBFfZaR4=
golang.org/x/sys v0.0.0-20220818161305-2296e01440c6 h1:Sx/u41w+OwrInGdEckYmEuU5gHoGSL4QbDz3S9s6j4U=
golang.org/x/sys v0.0.0-20220818161305-2296e01440c6/go.mod h1:oPkhp1MJrh7nUepCBck5+mAzfO9JrbApNNgaTdGDITg=
